
Microsoft Visual Studio Solution File, Format Version 11.00
# Visual Studio 2010
Project("{FAE04EC0-301F-11D3-BF4B-00C04F79EFBC}") = "BankOCRTest", "BankOCRTest\BankOCRTest.csproj", "{E0C338BC-AE2B-4E7D-A204-44DB3E05BAA3}"
EndProject
Project("{2150E333-8FDC-42A3-9474-1A3956D46DE8}") = "Solution Items", "Solution Items", "{D86D4AFB-0C91-4127-BBAC-D97FC4FCC031}"
	ProjectSection(SolutionItems) = preProject
		BankOCR.vsmdi = BankOCR.vsmdi
		Local.testsettings = Local.testsettings
		TraceAndTestImpact.testsettings = TraceAndTestImpact.testsettings
	EndProjectSection
EndProject
Project("{2150E333-8FDC-42A3-9474-1A3956D46DE8}") = "SampleData", "SampleData", "{4114CBD4-1F96-4655-A460-11EB36B1AEE1}"
	ProjectSection(SolutionItems) = preProject
		SampleData\BankOCR.txt = SampleData\BankOCR.txt
		SampleData\Expected_UseCase1.txt = SampleData\Expected_UseCase1.txt
		SampleData\Expected_UseCase3.txt = SampleData\Expected_UseCase3.txt
		SampleData\Expected_UseCase4.txt = SampleData\Expected_UseCase4.txt
		SampleData\UseCase1_InValid.txt = SampleData\UseCase1_InValid.txt
		SampleData\UseCase1_Valid.txt = SampleData\UseCase1_Valid.txt
		SampleData\UseCase3_In.txt = SampleData\UseCase3_In.txt
		SampleData\UseCase4_In.txt = SampleData\UseCase4_In.txt
		SampleData\UseCases_RawText.txt = SampleData\UseCases_RawText.txt
	EndProjectSection
EndProject
Project("{FAE04EC0-301F-11D3-BF4B-00C04F79EFBC}") = "BankOCR", "BankOCR\BankOCR.csproj", "{FCBAA33B-F991-4D14-8503-35800BCEC926}"
EndProject
Global
	GlobalSection(TestCaseManagementSettings) = postSolution
		CategoryFile = BankOCR.vsmdi
	EndGlobalSection
	GlobalSection(SolutionConfigurationPlatforms) = preSolution
		Debug|Any CPU = Debug|Any CPU
		Debug|Mixed Platforms = Debug|Mixed Platforms
		Debug|x86 = Debug|x86
		Release|Any CPU = Release|Any CPU
		Release|Mixed Platforms = Release|Mixed Platforms
		Release|x86 = Release|x86
	EndGlobalSection
	GlobalSection(ProjectConfigurationPlatforms) = postSolution
		{E0C338BC-AE2B-4E7D-A204-44DB3E05BAA3}.Debug|Any CPU.ActiveCfg = Debug|Any CPU
		{E0C338BC-AE2B-4E7D-A204-44DB3E05BAA3}.Debug|Any CPU.Build.0 = Debug|Any CPU
		{E0C338BC-AE2B-4E7D-A204-44DB3E05BAA3}.Debug|Mixed Platforms.ActiveCfg = Debug|Any CPU
		{E0C338BC-AE2B-4E7D-A204-44DB3E05BAA3}.Debug|Mixed Platforms.Build.0 = Debug|Any CPU
		{E0C338BC-AE2B-4E7D-A204-44DB3E05BAA3}.Debug|x86.ActiveCfg = Debug|Any CPU
		{E0C338BC-AE2B-4E7D-A204-44DB3E05BAA3}.Release|Any CPU.ActiveCfg = Release|Any CPU
		{E0C338BC-AE2B-4E7D-A204-44DB3E05BAA3}.Release|Any CPU.Build.0 = Release|Any CPU
		{E0C338BC-AE2B-4E7D-A204-44DB3E05BAA3}.Release|Mixed Platforms.ActiveCfg = Release|Any CPU
		{E0C338BC-AE2B-4E7D-A204-44DB3E05BAA3}.Release|Mixed Platforms.Build.0 = Release|Any CPU
		{E0C338BC-AE2B-4E7D-A204-44DB3E05BAA3}.Release|x86.ActiveCfg = Release|Any CPU
		{FCBAA33B-F991-4D14-8503-35800BCEC926}.Debug|Any CPU.ActiveCfg = Debug|x86
		{FCBAA33B-F991-4D14-8503-35800BCEC926}.Debug|Mixed Platforms.ActiveCfg = Debug|x86
		{FCBAA33B-F991-4D14-8503-35800BCEC926}.Debug|Mixed Platforms.Build.0 = Debug|x86
		{FCBAA33B-F991-4D14-8503-35800BCEC926}.Debug|x86.ActiveCfg = Debug|x86
		{FCBAA33B-F991-4D14-8503-35800BCEC926}.Debug|x86.Build.0 = Debug|x86
		{FCBAA33B-F991-4D14-8503-35800BCEC926}.Release|Any CPU.ActiveCfg = Release|x86
		{FCBAA33B-F991-4D14-8503-35800BCEC926}.Release|Mixed Platforms.ActiveCfg = Release|x86
		{FCBAA33B-F991-4D14-8503-35800BCEC926}.Release|Mixed Platforms.Build.0 = Release|x86
		{FCBAA33B-F991-4D14-8503-35800BCEC926}.Release|x86.ActiveCfg = Release|x86
		{FCBAA33B-F991-4D14-8503-35800BCEC926}.Release|x86.Build.0 = Release|x86
	EndGlobalSection
	GlobalSection(SolutionProperties) = preSolution
		HideSolutionNode = FALSE
	EndGlobalSection
EndGlobal
